
Microsoft Visual Studio Solution File, Format Version 12.00
# Visual Studio Version 17
VisualStudioVersion = 17.3.32901.215
MinimumVisualStudioVersion = 10.0.40219.1
Project("{9A19103F-16F7-4668-BE54-9A1E7A4F7556}") = "RMQS.Application", "RMQS.Application\RMQS.Application.csproj", "{0382CBB8-3482-4276-B60C-03D86438D27F}"
EndProject
Global
	GlobalSection(SolutionConfigurationPlatforms) = preSolution
		Debug|Any CPU = Debug|Any CPU
		Release|Any CPU = Release|Any CPU
	EndGlobalSection
	GlobalSection(ProjectConfigurationPlatforms) = postSolution
		{0382CBB8-3482-4276-B60C-03D86438D27F}.Debug|Any CPU.ActiveCfg = Debug|Any CPU
		{0382CBB8-3482-4276-B60C-03D86438D27F}.Debug|Any CPU.Build.0 = Debug|Any CPU
		{0382CBB8-3482-4276-B60C-03D86438D27F}.Release|Any CPU.ActiveCfg = Release|Any CPU
		{0382CBB8-3482-4276-B60C-03D86438D27F}.Release|Any CPU.Build.0 = Release|Any CPU
	EndGlobalSection
	GlobalSection(SolutionProperties) = preSolution
		HideSolutionNode = FALSE
	EndGlobalSection
	GlobalSection(ExtensibilityGlobals) = postSolution
		SolutionGuid = {3D6F3CA6-9D67-45F9-B63D-BA65BFCD874E}
	EndGlobalSection
EndGlobal
